
Microsoft Visual Studio Solution File, Format Version 12.00
# Visual Studio 15
VisualStudioVersion = 15.0.28307.106
MinimumVisualStudioVersion = 10.0.40219.1
Project("{FAE04EC0-301F-11D3-BF4B-00C04F79EFBC}") = "WebApiInnoCV", "WebApiInnoCV\WebApiInnoCV.csproj", "{7701F2CD-F67B-4592-B59A-EB3B980DEDF7}"
EndProject
Project("{FAE04EC0-301F-11D3-BF4B-00C04F79EFBC}") = "DataAccessRepository", "DataAccessRepository\DataAccessRepository.csproj", "{89192B05-121E-433E-8C78-7FC3929827EE}"
EndProject
Project("{FAE04EC0-301F-11D3-BF4B-00C04F79EFBC}") = "DataServicesLayer", "DataServicesLayer\DataServicesLayer.csproj", "{D707C274-FFB6-449D-8DE6-2D4C61F80934}"
EndProject
Global
	GlobalSection(SolutionConfigurationPlatforms) = preSolution
		Debug|Any CPU = Debug|Any CPU
		Release|Any CPU = Release|Any CPU
	EndGlobalSection
	GlobalSection(ProjectConfigurationPlatforms) = postSolution
		{7701F2CD-F67B-4592-B59A-EB3B980DEDF7}.Debug|Any CPU.ActiveCfg = Debug|Any CPU
		{7701F2CD-F67B-4592-B59A-EB3B980DEDF7}.Debug|Any CPU.Build.0 = Debug|Any CPU
		{7701F2CD-F67B-4592-B59A-EB3B980DEDF7}.Release|Any CPU.ActiveCfg = Release|Any CPU
		{7701F2CD-F67B-4592-B59A-EB3B980DEDF7}.Release|Any CPU.Build.0 = Release|Any CPU
		{89192B05-121E-433E-8C78-7FC3929827EE}.Debug|Any CPU.ActiveCfg = Debug|Any CPU
		{89192B05-121E-433E-8C78-7FC3929827EE}.Debug|Any CPU.Build.0 = Debug|Any CPU
		{89192B05-121E-433E-8C78-7FC3929827EE}.Release|Any CPU.ActiveCfg = Release|Any CPU
		{89192B05-121E-433E-8C78-7FC3929827EE}.Release|Any CPU.Build.0 = Release|Any CPU
		{D707C274-FFB6-449D-8DE6-2D4C61F80934}.Debug|Any CPU.ActiveCfg = Debug|Any CPU
		{D707C274-FFB6-449D-8DE6-2D4C61F80934}.Debug|Any CPU.Build.0 = Debug|Any CPU
		{D707C274-FFB6-449D-8DE6-2D4C61F80934}.Release|Any CPU.ActiveCfg = Release|Any CPU
		{D707C274-FFB6-449D-8DE6-2D4C61F80934}.Release|Any CPU.Build.0 = Release|Any CPU
	EndGlobalSection
	GlobalSection(SolutionProperties) = preSolution
		HideSolutionNode = FALSE
	EndGlobalSection
	GlobalSection(ExtensibilityGlobals) = postSolution
		SolutionGuid = {EBF2C636-D523-41A4-AF5C-CC5EE22E188D}
	EndGlobalSection
EndGlobal
